
Microsoft Visual Studio Solution File, Format Version 11.00
# Visual Studio 2010
Project("{FAE04EC0-301F-11D3-BF4B-00C04F79EFBC}") = "Assembly-CSharp", "Assembly-CSharp.csproj", "{FFB37B4C-7F4C-361B-DB83-5BC0F999F830}"
EndProject
Global
	GlobalSection(SolutionConfigurationPlatforms) = preSolution
		Debug|Any CPU = Debug|Any CPU
		Release|Any CPU = Release|Any CPU
	EndGlobalSection
	GlobalSection(ProjectConfigurationPlatforms) = postSolution
		{FFB37B4C-7F4C-361B-DB83-5BC0F999F830}.Debug|Any CPU.ActiveCfg = Debug|Any CPU
		{FFB37B4C-7F4C-361B-DB83-5BC0F999F830}.Debug|Any CPU.Build.0 = Debug|Any CPU
		{FFB37B4C-7F4C-361B-DB83-5BC0F999F830}.Release|Any CPU.ActiveCfg = Release|Any CPU
		{FFB37B4C-7F4C-361B-DB83-5BC0F999F830}.Release|Any CPU.Build.0 = Release|Any CPU
	EndGlobalSection
	GlobalSection(SolutionProperties) = preSolution
		HideSolutionNode = FALSE
	EndGlobalSection
EndGlobal
