
Microsoft Visual Studio Solution File, Format Version 12.00
# Visual Studio 2015
Project("{FAE04EC0-301F-11D3-BF4B-00C04F79EFBC}") = "WastedResources.CSharp", "WastedResources.CSharp.csproj", "{61D4BA50-0653-043C-32D3-06DA7AA30A71}"
EndProject
Global
	GlobalSection(SolutionConfigurationPlatforms) = preSolution
		Debug|Any CPU = Debug|Any CPU
		Release|Any CPU = Release|Any CPU
	EndGlobalSection
	GlobalSection(ProjectConfigurationPlatforms) = postSolution
		{61D4BA50-0653-043C-32D3-06DA7AA30A71}.Debug|Any CPU.ActiveCfg = Debug|Any CPU
		{61D4BA50-0653-043C-32D3-06DA7AA30A71}.Debug|Any CPU.Build.0 = Debug|Any CPU
		{61D4BA50-0653-043C-32D3-06DA7AA30A71}.Release|Any CPU.ActiveCfg = Release|Any CPU
		{61D4BA50-0653-043C-32D3-06DA7AA30A71}.Release|Any CPU.Build.0 = Release|Any CPU
	EndGlobalSection
	GlobalSection(SolutionProperties) = preSolution
		HideSolutionNode = FALSE
	EndGlobalSection
EndGlobal
